
Microsoft Visual Studio Solution File, Format Version 12.00
# Visual Studio Version 17
VisualStudioVersion = 17.2.32616.157
MinimumVisualStudioVersion = 10.0.40219.1
Project("{FAE04EC0-301F-11D3-BF4B-00C04F79EFBC}") = "LambdaExpressionsAndAnonymous", "LambdaExpressionsAndAnonymous\LambdaExpressionsAndAnonymous.csproj", "{6606D9B2-2228-423F-8103-7DBAF32CDACB}"
EndProject
Global
	GlobalSection(SolutionConfigurationPlatforms) = preSolution
		Debug|Any CPU = Debug|Any CPU
		Release|Any CPU = Release|Any CPU
	EndGlobalSection
	GlobalSection(ProjectConfigurationPlatforms) = postSolution
		{6606D9B2-2228-423F-8103-7DBAF32CDACB}.Debug|Any CPU.ActiveCfg = Debug|Any CPU
		{6606D9B2-2228-423F-8103-7DBAF32CDACB}.Debug|Any CPU.Build.0 = Debug|Any CPU
		{6606D9B2-2228-423F-8103-7DBAF32CDACB}.Release|Any CPU.ActiveCfg = Release|Any CPU
		{6606D9B2-2228-423F-8103-7DBAF32CDACB}.Release|Any CPU.Build.0 = Release|Any CPU
	EndGlobalSection
	GlobalSection(SolutionProperties) = preSolution
		HideSolutionNode = FALSE
	EndGlobalSection
	GlobalSection(ExtensibilityGlobals) = postSolution
		SolutionGuid = {1233A5F1-A315-419E-BF2C-57BECAD40ED7}
	EndGlobalSection
EndGlobal
